
Microsoft Visual Studio Solution File, Format Version 12.00
# Visual Studio 15
VisualStudioVersion = 15.0.28307.489
MinimumVisualStudioVersion = 10.0.40219.1
Project("{9A19103F-16F7-4668-BE54-9A1E7A4F7556}") = "P01_HarvestingFields", "P01_HarvestingFields\P01_HarvestingFields.csproj", "{E3C146C5-D2C0-497C-81EB-23A63154135C}"
EndProject
Project("{9A19103F-16F7-4668-BE54-9A1E7A4F7556}") = "P02_BlackBoxInteger", "P02_BlackBoxInteger\P02_BlackBoxInteger.csproj", "{EC71CAF8-7C15-44FC-8A8C-6FAE110040ED}"
EndProject
Project("{9A19103F-16F7-4668-BE54-9A1E7A4F7556}") = "P03_BarraksWars", "P03_BarraksWars\P03_BarraksWars.csproj", "{55A6052F-FF70-4C81-A15E-A2E92C087A0E}"
EndProject
Project("{9A19103F-16F7-4668-BE54-9A1E7A4F7556}") = "P04.BarrackWars_TheCommandsStrikeBack", "P04.BarrackWars_TheCommandsStrikeBack\P04.BarrackWars_TheCommandsStrikeBack.csproj", "{76668253-CC58-4501-B024-1CB1FD15D80C}"
EndProject
Project("{9A19103F-16F7-4668-BE54-9A1E7A4F7556}") = "P05.BarrackWars_ReturnOfTheDependencies", "P05.BarrackWars_ReturnOfTheDependencies\P05.BarrackWars_ReturnOfTheDependencies.csproj", "{DFE5F32B-65EF-4C9B-9BB0-E8E47C680EF0}"
EndProject
Project("{9A19103F-16F7-4668-BE54-9A1E7A4F7556}") = "P06.TrafficLights", "P06.TrafficLights\P06.TrafficLights.csproj", "{ED9817C0-ABE1-4952-ACEE-6EDF3468EAD1}"
EndProject
Project("{9A19103F-16F7-4668-BE54-9A1E7A4F7556}") = "P07.InfernoInfinity", "P07.InfernoInfinity\P07.InfernoInfinity.csproj", "{23DB28EA-8B8C-4D5F-9481-8B4F8A85779E}"
EndProject
Project("{FAE04EC0-301F-11D3-BF4B-00C04F79EFBC}") = "P08.CreateCustomClassAttribute", "P08.CreateCustomClassAttribute\P08.CreateCustomClassAttribute.csproj", "{3C34C297-8894-4BD9-BD18-DC38BCF8EEE5}"
EndProject
Global
	GlobalSection(SolutionConfigurationPlatforms) = preSolution
		Debug|Any CPU = Debug|Any CPU
		Release|Any CPU = Release|Any CPU
	EndGlobalSection
	GlobalSection(ProjectConfigurationPlatforms) = postSolution
		{E3C146C5-D2C0-497C-81EB-23A63154135C}.Debug|Any CPU.ActiveCfg = Debug|Any CPU
		{E3C146C5-D2C0-497C-81EB-23A63154135C}.Debug|Any CPU.Build.0 = Debug|Any CPU
		{E3C146C5-D2C0-497C-81EB-23A63154135C}.Release|Any CPU.ActiveCfg = Release|Any CPU
		{E3C146C5-D2C0-497C-81EB-23A63154135C}.Release|Any CPU.Build.0 = Release|Any CPU
		{EC71CAF8-7C15-44FC-8A8C-6FAE110040ED}.Debug|Any CPU.ActiveCfg = Debug|Any CPU
		{EC71CAF8-7C15-44FC-8A8C-6FAE110040ED}.Debug|Any CPU.Build.0 = Debug|Any CPU
		{EC71CAF8-7C15-44FC-8A8C-6FAE110040ED}.Release|Any CPU.ActiveCfg = Release|Any CPU
		{EC71CAF8-7C15-44FC-8A8C-6FAE110040ED}.Release|Any CPU.Build.0 = Release|Any CPU
		{55A6052F-FF70-4C81-A15E-A2E92C087A0E}.Debug|Any CPU.ActiveCfg = Debug|Any CPU
		{55A6052F-FF70-4C81-A15E-A2E92C087A0E}.Debug|Any CPU.Build.0 = Debug|Any CPU
		{55A6052F-FF70-4C81-A15E-A2E92C087A0E}.Release|Any CPU.ActiveCfg = Release|Any CPU
		{55A6052F-FF70-4C81-A15E-A2E92C087A0E}.Release|Any CPU.Build.0 = Release|Any CPU
		{76668253-CC58-4501-B024-1CB1FD15D80C}.Debug|Any CPU.ActiveCfg = Debug|Any CPU
		{76668253-CC58-4501-B024-1CB1FD15D80C}.Debug|Any CPU.Build.0 = Debug|Any CPU
		{76668253-CC58-4501-B024-1CB1FD15D80C}.Release|Any CPU.ActiveCfg = Release|Any CPU
		{76668253-CC58-4501-B024-1CB1FD15D80C}.Release|Any CPU.Build.0 = Release|Any CPU
		{DFE5F32B-65EF-4C9B-9BB0-E8E47C680EF0}.Debug|Any CPU.ActiveCfg = Debug|Any CPU
		{DFE5F32B-65EF-4C9B-9BB0-E8E47C680EF0}.Debug|Any CPU.Build.0 = Debug|Any CPU
		{DFE5F32B-65EF-4C9B-9BB0-E8E47C680EF0}.Release|Any CPU.ActiveCfg = Release|Any CPU
		{DFE5F32B-65EF-4C9B-9BB0-E8E47C680EF0}.Release|Any CPU.Build.0 = Release|Any CPU
		{ED9817C0-ABE1-4952-ACEE-6EDF3468EAD1}.Debug|Any CPU.ActiveCfg = Debug|Any CPU
		{ED9817C0-ABE1-4952-ACEE-6EDF3468EAD1}.Debug|Any CPU.Build.0 = Debug|Any CPU
		{ED9817C0-ABE1-4952-ACEE-6EDF3468EAD1}.Release|Any CPU.ActiveCfg = Release|Any CPU
		{ED9817C0-ABE1-4952-ACEE-6EDF3468EAD1}.Release|Any CPU.Build.0 = Release|Any CPU
		{23DB28EA-8B8C-4D5F-9481-8B4F8A85779E}.Debug|Any CPU.ActiveCfg = Debug|Any CPU
		{23DB28EA-8B8C-4D5F-9481-8B4F8A85779E}.Debug|Any CPU.Build.0 = Debug|Any CPU
		{23DB28EA-8B8C-4D5F-9481-8B4F8A85779E}.Release|Any CPU.ActiveCfg = Release|Any CPU
		{23DB28EA-8B8C-4D5F-9481-8B4F8A85779E}.Release|Any CPU.Build.0 = Release|Any CPU
		{3C34C297-8894-4BD9-BD18-DC38BCF8EEE5}.Debug|Any CPU.ActiveCfg = Debug|Any CPU
		{3C34C297-8894-4BD9-BD18-DC38BCF8EEE5}.Debug|Any CPU.Build.0 = Debug|Any CPU
		{3C34C297-8894-4BD9-BD18-DC38BCF8EEE5}.Release|Any CPU.ActiveCfg = Release|Any CPU
		{3C34C297-8894-4BD9-BD18-DC38BCF8EEE5}.Release|Any CPU.Build.0 = Release|Any CPU
	EndGlobalSection
	GlobalSection(SolutionProperties) = preSolution
		HideSolutionNode = FALSE
	EndGlobalSection
	GlobalSection(ExtensibilityGlobals) = postSolution
		SolutionGuid = {E1E92B13-9B5A-4DD7-8DB4-BF575B700042}
	EndGlobalSection
EndGlobal
