
Microsoft Visual Studio Solution File, Format Version 12.00
# Visual Studio 15
VisualStudioVersion = 15.0.28307.329
MinimumVisualStudioVersion = 10.0.40219.1
Project("{9A19103F-16F7-4668-BE54-9A1E7A4F7556}") = "p01.SingleInheritance", "p01.SingleInheritance\p01.SingleInheritance.csproj", "{FC1488A3-F7B5-4049-AE9F-ACCE674BCE46}"
EndProject
Project("{FAE04EC0-301F-11D3-BF4B-00C04F79EFBC}") = "p02.MultipleInheritance", "p02.MultipleInheritance\p02.MultipleInheritance.csproj", "{F6796F6C-97AF-43D7-87E6-697B6D8B3528}"
EndProject
Project("{FAE04EC0-301F-11D3-BF4B-00C04F79EFBC}") = "p03.HierarchicalInheritance", "p03.HierarchicalInheritance\p03.HierarchicalInheritance.csproj", "{0CE2421B-C6D9-4C38-A114-9B6FF5C3B41F}"
EndProject
Project("{FAE04EC0-301F-11D3-BF4B-00C04F79EFBC}") = "p04.RandomList", "p04.RandomList\p04.RandomList.csproj", "{12897F1C-F1BC-44EA-B32F-6885D294B3DC}"
EndProject
Project("{FAE04EC0-301F-11D3-BF4B-00C04F79EFBC}") = "p05.StackOfStrings", "p05.StackOfStrings\p05.StackOfStrings.csproj", "{6F417150-15F2-4C82-A3B0-EBBBC047D911}"
EndProject
Global
	GlobalSection(SolutionConfigurationPlatforms) = preSolution
		Debug|Any CPU = Debug|Any CPU
		Release|Any CPU = Release|Any CPU
	EndGlobalSection
	GlobalSection(ProjectConfigurationPlatforms) = postSolution
		{FC1488A3-F7B5-4049-AE9F-ACCE674BCE46}.Debug|Any CPU.ActiveCfg = Debug|Any CPU
		{FC1488A3-F7B5-4049-AE9F-ACCE674BCE46}.Debug|Any CPU.Build.0 = Debug|Any CPU
		{FC1488A3-F7B5-4049-AE9F-ACCE674BCE46}.Release|Any CPU.ActiveCfg = Release|Any CPU
		{FC1488A3-F7B5-4049-AE9F-ACCE674BCE46}.Release|Any CPU.Build.0 = Release|Any CPU
		{F6796F6C-97AF-43D7-87E6-697B6D8B3528}.Debug|Any CPU.ActiveCfg = Debug|Any CPU
		{F6796F6C-97AF-43D7-87E6-697B6D8B3528}.Debug|Any CPU.Build.0 = Debug|Any CPU
		{F6796F6C-97AF-43D7-87E6-697B6D8B3528}.Release|Any CPU.ActiveCfg = Release|Any CPU
		{F6796F6C-97AF-43D7-87E6-697B6D8B3528}.Release|Any CPU.Build.0 = Release|Any CPU
		{0CE2421B-C6D9-4C38-A114-9B6FF5C3B41F}.Debug|Any CPU.ActiveCfg = Debug|Any CPU
		{0CE2421B-C6D9-4C38-A114-9B6FF5C3B41F}.Debug|Any CPU.Build.0 = Debug|Any CPU
		{0CE2421B-C6D9-4C38-A114-9B6FF5C3B41F}.Release|Any CPU.ActiveCfg = Release|Any CPU
		{0CE2421B-C6D9-4C38-A114-9B6FF5C3B41F}.Release|Any CPU.Build.0 = Release|Any CPU
		{12897F1C-F1BC-44EA-B32F-6885D294B3DC}.Debug|Any CPU.ActiveCfg = Debug|Any CPU
		{12897F1C-F1BC-44EA-B32F-6885D294B3DC}.Debug|Any CPU.Build.0 = Debug|Any CPU
		{12897F1C-F1BC-44EA-B32F-6885D294B3DC}.Release|Any CPU.ActiveCfg = Release|Any CPU
		{12897F1C-F1BC-44EA-B32F-6885D294B3DC}.Release|Any CPU.Build.0 = Release|Any CPU
		{6F417150-15F2-4C82-A3B0-EBBBC047D911}.Debug|Any CPU.ActiveCfg = Debug|Any CPU
		{6F417150-15F2-4C82-A3B0-EBBBC047D911}.Debug|Any CPU.Build.0 = Debug|Any CPU
		{6F417150-15F2-4C82-A3B0-EBBBC047D911}.Release|Any CPU.ActiveCfg = Release|Any CPU
		{6F417150-15F2-4C82-A3B0-EBBBC047D911}.Release|Any CPU.Build.0 = Release|Any CPU
	EndGlobalSection
	GlobalSection(SolutionProperties) = preSolution
		HideSolutionNode = FALSE
	EndGlobalSection
	GlobalSection(ExtensibilityGlobals) = postSolution
		SolutionGuid = {42D956F9-A324-449F-B7B1-C7A6993164DB}
	EndGlobalSection
EndGlobal
