
Microsoft Visual Studio Solution File, Format Version 12.00
# Visual Studio 15
VisualStudioVersion = 15.0.28307.539
MinimumVisualStudioVersion = 10.0.40219.1
Project("{FAE04EC0-301F-11D3-BF4B-00C04F79EFBC}") = "PersonDatabase", "PersonDatabase\PersonDatabase.csproj", "{024C9020-468A-436A-8E8E-7E205F4BA226}"
EndProject
Project("{FAE04EC0-301F-11D3-BF4B-00C04F79EFBC}") = "PersonData.Tests", "PersonData.Tests\PersonData.Tests.csproj", "{D54754AA-4082-4ED5-9BB0-FCAE607CB7B2}"
EndProject
Global
	GlobalSection(SolutionConfigurationPlatforms) = preSolution
		Debug|Any CPU = Debug|Any CPU
		Release|Any CPU = Release|Any CPU
	EndGlobalSection
	GlobalSection(ProjectConfigurationPlatforms) = postSolution
		{024C9020-468A-436A-8E8E-7E205F4BA226}.Debug|Any CPU.ActiveCfg = Debug|Any CPU
		{024C9020-468A-436A-8E8E-7E205F4BA226}.Debug|Any CPU.Build.0 = Debug|Any CPU
		{024C9020-468A-436A-8E8E-7E205F4BA226}.Release|Any CPU.ActiveCfg = Release|Any CPU
		{024C9020-468A-436A-8E8E-7E205F4BA226}.Release|Any CPU.Build.0 = Release|Any CPU
		{D54754AA-4082-4ED5-9BB0-FCAE607CB7B2}.Debug|Any CPU.ActiveCfg = Debug|Any CPU
		{D54754AA-4082-4ED5-9BB0-FCAE607CB7B2}.Debug|Any CPU.Build.0 = Debug|Any CPU
		{D54754AA-4082-4ED5-9BB0-FCAE607CB7B2}.Release|Any CPU.ActiveCfg = Release|Any CPU
		{D54754AA-4082-4ED5-9BB0-FCAE607CB7B2}.Release|Any CPU.Build.0 = Release|Any CPU
	EndGlobalSection
	GlobalSection(SolutionProperties) = preSolution
		HideSolutionNode = FALSE
	EndGlobalSection
	GlobalSection(ExtensibilityGlobals) = postSolution
		SolutionGuid = {3A28C063-31C0-4851-8432-0FFFBB1213F2}
	EndGlobalSection
EndGlobal
